
Microsoft Visual Studio Solution File, Format Version 12.00
# Visual Studio Version 16
VisualStudioVersion = 16.0.31112.23
MinimumVisualStudioVersion = 10.0.40219.1
Project("{FAE04EC0-301F-11D3-BF4B-00C04F79EFBC}") = "ConsumirServicioWCF", "ConsumirServicioWCF\ConsumirServicioWCF.csproj", "{B0A9C410-2F54-4787-B5C3-B0FED61BE982}"
EndProject
Global
	GlobalSection(SolutionConfigurationPlatforms) = preSolution
		Debug|Any CPU = Debug|Any CPU
		Release|Any CPU = Release|Any CPU
	EndGlobalSection
	GlobalSection(ProjectConfigurationPlatforms) = postSolution
		{B0A9C410-2F54-4787-B5C3-B0FED61BE982}.Debug|Any CPU.ActiveCfg = Debug|Any CPU
		{B0A9C410-2F54-4787-B5C3-B0FED61BE982}.Debug|Any CPU.Build.0 = Debug|Any CPU
		{B0A9C410-2F54-4787-B5C3-B0FED61BE982}.Release|Any CPU.ActiveCfg = Release|Any CPU
		{B0A9C410-2F54-4787-B5C3-B0FED61BE982}.Release|Any CPU.Build.0 = Release|Any CPU
	EndGlobalSection
	GlobalSection(SolutionProperties) = preSolution
		HideSolutionNode = FALSE
	EndGlobalSection
	GlobalSection(ExtensibilityGlobals) = postSolution
		SolutionGuid = {A41010C4-FA3F-4FDB-8FA2-F3A1DB831B77}
	EndGlobalSection
EndGlobal
